// !$*UTF8*$!
{
	archiveVersion = 1;
	classes = {
	};
	objectVersion = 56;
	objects = {

/* Begin PBXBuildFile section */
		01113F502954102F0016A6CC /* MovieView.swift in Sources */ = {isa = PBXBuildFile; fileRef = 01113F4F2954102F0016A6CC /* MovieView.swift */; };
		01113F5229541B4B0016A6CC /* MovieListView.swift in Sources */ = {isa = PBXBuildFile; fileRef = 01113F5129541B4B0016A6CC /* MovieListView.swift */; };
		0169C8E82946E805004FE096 /* MoviePlexApp.swift in Sources */ = {isa = PBXBuildFile; fileRef = 0169C8E72946E805004FE096 /* MoviePlexApp.swift */; };
		0169C8EA2946E805004FE096 /* SearchView.swift in Sources */ = {isa = PBXBuildFile; fileRef = 0169C8E92946E805004FE096 /* SearchView.swift */; };
		0169C8EC2946E807004FE096 /* Assets.xcassets in Resources */ = {isa = PBXBuildFile; fileRef = 0169C8EB2946E807004FE096 /* Assets.xcassets */; };
		0169C8EF2946E807004FE096 /* Preview Assets.xcassets in Resources */ = {isa = PBXBuildFile; fileRef = 0169C8EE2946E807004FE096 /* Preview Assets.xcassets */; };
		017C03DF29470EF800A4E3E9 /* MovieRepository.swift in Sources */ = {isa = PBXBuildFile; fileRef = 017C03DE29470EF800A4E3E9 /* MovieRepository.swift */; };
		017C03E22947100900A4E3E9 /* WebRepository.swift in Sources */ = {isa = PBXBuildFile; fileRef = 017C03E12947100900A4E3E9 /* WebRepository.swift */; };
		017C03E42947110500A4E3E9 /* APICall.swift in Sources */ = {isa = PBXBuildFile; fileRef = 017C03E32947110500A4E3E9 /* APICall.swift */; };
		01D58A00295050420056E2CE /* AppState.swift in Sources */ = {isa = PBXBuildFile; fileRef = 01D589FF295050420056E2CE /* AppState.swift */; };
		01D58A02295051010056E2CE /* DependencyInjector.swift in Sources */ = {isa = PBXBuildFile; fileRef = 01D58A01295051010056E2CE /* DependencyInjector.swift */; };
		01D58A04295051BF0056E2CE /* InteractorContainer.swift in Sources */ = {isa = PBXBuildFile; fileRef = 01D58A03295051BF0056E2CE /* InteractorContainer.swift */; };
		01F183A52948670C0059DC3A /* movieplexTests.swift in Sources */ = {isa = PBXBuildFile; fileRef = 01F183A42948670C0059DC3A /* movieplexTests.swift */; };
		01F183AD294962420059DC3A /* MovieInteractor.swift in Sources */ = {isa = PBXBuildFile; fileRef = 01F183AC294962420059DC3A /* MovieInteractor.swift */; };
		01F183AF2949650E0059DC3A /* CancelBag.swift in Sources */ = {isa = PBXBuildFile; fileRef = 01F183AE2949650E0059DC3A /* CancelBag.swift */; };
		01F183B1294984130059DC3A /* Movie.swift in Sources */ = {isa = PBXBuildFile; fileRef = 01F183B0294984130059DC3A /* Movie.swift */; };
		01F183B32949878D0059DC3A /* LoadableObject.swift in Sources */ = {isa = PBXBuildFile; fileRef = 01F183B22949878D0059DC3A /* LoadableObject.swift */; };
/* End PBXBuildFile section */

/* Begin PBXContainerItemProxy section */
		01F183A62948670C0059DC3A /* PBXContainerItemProxy */ = {
			isa = PBXContainerItemProxy;
			containerPortal = 0169C8DC2946E805004FE096 /* Project object */;
			proxyType = 1;
			remoteGlobalIDString = 0169C8E32946E805004FE096;
			remoteInfo = movieplex;
		};
/* End PBXContainerItemProxy section */

/* Begin PBXFileReference section */
		01113F4F2954102F0016A6CC /* MovieView.swift */ = {isa = PBXFileReference; lastKnownFileType = sourcecode.swift; path = MovieView.swift; sourceTree = "<group>"; };
		01113F5129541B4B0016A6CC /* MovieListView.swift */ = {isa = PBXFileReference; lastKnownFileType = sourcecode.swift; path = MovieListView.swift; sourceTree = "<group>"; };
		0169C8E42946E805004FE096 /* movieplex.app */ = {isa = PBXFileReference; explicitFileType = wrapper.application; includeInIndex = 0; path = movieplex.app; sourceTree = BUILT_PRODUCTS_DIR; };
		0169C8E72946E805004FE096 /* MoviePlexApp.swift */ = {isa = PBXFileReference; lastKnownFileType = sourcecode.swift; path = MoviePlexApp.swift; sourceTree = "<group>"; };
		0169C8E92946E805004FE096 /* SearchView.swift */ = {isa = PBXFileReference; lastKnownFileType = sourcecode.swift; path = SearchView.swift; sourceTree = "<group>"; };
		0169C8EB2946E807004FE096 /* Assets.xcassets */ = {isa = PBXFileReference; lastKnownFileType = folder.assetcatalog; path = Assets.xcassets; sourceTree = "<group>"; };
		0169C8EE2946E807004FE096 /* Preview Assets.xcassets */ = {isa = PBXFileReference; lastKnownFileType = folder.assetcatalog; path = "Preview Assets.xcassets"; sourceTree = "<group>"; };
		017C03DE29470EF800A4E3E9 /* MovieRepository.swift */ = {isa = PBXFileReference; lastKnownFileType = sourcecode.swift; path = MovieRepository.swift; sourceTree = "<group>"; };
		017C03E12947100900A4E3E9 /* WebRepository.swift */ = {isa = PBXFileReference; lastKnownFileType = sourcecode.swift; path = WebRepository.swift; sourceTree = "<group>"; };
		017C03E32947110500A4E3E9 /* APICall.swift */ = {isa = PBXFileReference; lastKnownFileType = sourcecode.swift; path = APICall.swift; sourceTree = "<group>"; };
		01D589FF295050420056E2CE /* AppState.swift */ = {isa = PBXFileReference; lastKnownFileType = sourcecode.swift; path = AppState.swift; sourceTree = "<group>"; };
		01D58A01295051010056E2CE /* DependencyInjector.swift */ = {isa = PBXFileReference; lastKnownFileType = sourcecode.swift; path = DependencyInjector.swift; sourceTree = "<group>"; };
		01D58A03295051BF0056E2CE /* InteractorContainer.swift */ = {isa = PBXFileReference; lastKnownFileType = sourcecode.swift; path = InteractorContainer.swift; sourceTree = "<group>"; };
		01F183A22948670C0059DC3A /* movieplexTests.xctest */ = {isa = PBXFileReference; explicitFileType = wrapper.cfbundle; includeInIndex = 0; path = movieplexTests.xctest; sourceTree = BUILT_PRODUCTS_DIR; };
		01F183A42948670C0059DC3A /* movieplexTests.swift */ = {isa = PBXFileReference; lastKnownFileType = sourcecode.swift; path = movieplexTests.swift; sourceTree = "<group>"; };
		01F183AC294962420059DC3A /* MovieInteractor.swift */ = {isa = PBXFileReference; lastKnownFileType = sourcecode.swift; path = MovieInteractor.swift; sourceTree = "<group>"; };
		01F183AE2949650E0059DC3A /* CancelBag.swift */ = {isa = PBXFileReference; lastKnownFileType = sourcecode.swift; path = CancelBag.swift; sourceTree = "<group>"; };
		01F183B0294984130059DC3A /* Movie.swift */ = {isa = PBXFileReference; lastKnownFileType = sourcecode.swift; path = Movie.swift; sourceTree = "<group>"; };
		01F183B22949878D0059DC3A /* LoadableObject.swift */ = {isa = PBXFileReference; lastKnownFileType = sourcecode.swift; path = LoadableObject.swift; sourceTree = "<group>"; };
/* End PBXFileReference section */

/* Begin PBXFrameworksBuildPhase section */
		0169C8E12946E805004FE096 /* Frameworks */ = {
			isa = PBXFrameworksBuildPhase;
			buildActionMask = 2147483647;
			files = (
			);
			runOnlyForDeploymentPostprocessing = 0;
		};
		01F1839F2948670C0059DC3A /* Frameworks */ = {
			isa = PBXFrameworksBuildPhase;
			buildActionMask = 2147483647;
			files = (
			);
			runOnlyForDeploymentPostprocessing = 0;
		};
/* End PBXFrameworksBuildPhase section */

/* Begin PBXGroup section */
		0169C8DB2946E805004FE096 = {
			isa = PBXGroup;
			children = (
				0169C8E62946E805004FE096 /* movieplex */,
				01F183A32948670C0059DC3A /* movieplexTests */,
				0169C8E52946E805004FE096 /* Products */,
			);
			sourceTree = "<group>";
		};
		0169C8E52946E805004FE096 /* Products */ = {
			isa = PBXGroup;
			children = (
				0169C8E42946E805004FE096 /* movieplex.app */,
				01F183A22948670C0059DC3A /* movieplexTests.xctest */,
			);
			name = Products;
			sourceTree = "<group>";
		};
		0169C8E62946E805004FE096 /* movieplex */ = {
			isa = PBXGroup;
			children = (
				01D589FE295050290056E2CE /* Injected */,
				01D589FC29504EDD0056E2CE /* UI */,
				01F183AB294962050059DC3A /* Interactor */,
				01F1839D29485DCA0059DC3A /* Model */,
				017C03E029470FF000A4E3E9 /* Utility */,
				017C03DD29470E5800A4E3E9 /* Repository */,
				0169C8E72946E805004FE096 /* MoviePlexApp.swift */,
				0169C8EB2946E807004FE096 /* Assets.xcassets */,
				0169C8ED2946E807004FE096 /* Preview Content */,
			);
			path = movieplex;
			sourceTree = "<group>";
		};
		0169C8ED2946E807004FE096 /* Preview Content */ = {
			isa = PBXGroup;
			children = (
				0169C8EE2946E807004FE096 /* Preview Assets.xcassets */,
			);
			path = "Preview Content";
			sourceTree = "<group>";
		};
		017C03DD29470E5800A4E3E9 /* Repository */ = {
			isa = PBXGroup;
			children = (
				017C03DE29470EF800A4E3E9 /* MovieRepository.swift */,
			);
			path = Repository;
			sourceTree = "<group>";
		};
		017C03E029470FF000A4E3E9 /* Utility */ = {
			isa = PBXGroup;
			children = (
				017C03E12947100900A4E3E9 /* WebRepository.swift */,
				017C03E32947110500A4E3E9 /* APICall.swift */,
				01F183AE2949650E0059DC3A /* CancelBag.swift */,
				01F183B22949878D0059DC3A /* LoadableObject.swift */,
			);
			path = Utility;
			sourceTree = "<group>";
		};
		01D589FC29504EDD0056E2CE /* UI */ = {
			isa = PBXGroup;
			children = (
				01D589FD29504FDC0056E2CE /* Screen */,
			);
			path = UI;
			sourceTree = "<group>";
		};
		01D589FD29504FDC0056E2CE /* Screen */ = {
			isa = PBXGroup;
			children = (
				0169C8E92946E805004FE096 /* SearchView.swift */,
				01113F4F2954102F0016A6CC /* MovieView.swift */,
				01113F5129541B4B0016A6CC /* MovieListView.swift */,
			);
			path = Screen;
			sourceTree = "<group>";
		};
		01D589FE295050290056E2CE /* Injected */ = {
			isa = PBXGroup;
			children = (
				01D589FF295050420056E2CE /* AppState.swift */,
				01D58A01295051010056E2CE /* DependencyInjector.swift */,
				01D58A03295051BF0056E2CE /* InteractorContainer.swift */,
			);
			path = Injected;
			sourceTree = "<group>";
		};
		01F1839D29485DCA0059DC3A /* Model */ = {
			isa = PBXGroup;
			children = (
				01F183B0294984130059DC3A /* Movie.swift */,
			);
			path = Model;
			sourceTree = "<group>";
		};
		01F183A32948670C0059DC3A /* movieplexTests */ = {
			isa = PBXGroup;
			children = (
				01F183A42948670C0059DC3A /* movieplexTests.swift */,
			);
			path = movieplexTests;
			sourceTree = "<group>";
		};
		01F183AB294962050059DC3A /* Interactor */ = {
			isa = PBXGroup;
			children = (
				01F183AC294962420059DC3A /* MovieInteractor.swift */,
			);
			path = Interactor;
			sourceTree = "<group>";
		};
/* End PBXGroup section */

/* Begin PBXNativeTarget section */
		0169C8E32946E805004FE096 /* movieplex */ = {
			isa = PBXNativeTarget;
			buildConfigurationList = 0169C8F22946E807004FE096 /* Build configuration list for PBXNativeTarget "movieplex" */;
			buildPhases = (
				0169C8E02946E805004FE096 /* Sources */,
				0169C8E12946E805004FE096 /* Frameworks */,
				0169C8E22946E805004FE096 /* Resources */,
			);
			buildRules = (
			);
			dependencies = (
			);
			name = movieplex;
			productName = movieplex;
			productReference = 0169C8E42946E805004FE096 /* movieplex.app */;
			productType = "com.apple.product-type.application";
		};
		01F183A12948670C0059DC3A /* movieplexTests */ = {
			isa = PBXNativeTarget;
			buildConfigurationList = 01F183A82948670C0059DC3A /* Build configuration list for PBXNativeTarget "movieplexTests" */;
			buildPhases = (
				01F1839E2948670C0059DC3A /* Sources */,
				01F1839F2948670C0059DC3A /* Frameworks */,
				01F183A02948670C0059DC3A /* Resources */,
			);
			buildRules = (
			);
			dependencies = (
				01F183A72948670C0059DC3A /* PBXTargetDependency */,
			);
			name = movieplexTests;
			productName = movieplexTests;
			productReference = 01F183A22948670C0059DC3A /* movieplexTests.xctest */;
			productType = "com.apple.product-type.bundle.unit-test";
		};
/* End PBXNativeTarget section */

/* Begin PBXProject section */
		0169C8DC2946E805004FE096 /* Project object */ = {
			isa = PBXProject;
			attributes = {
				BuildIndependentTargetsInParallel = 1;
				LastSwiftUpdateCheck = 1410;
				LastUpgradeCheck = 1400;
				TargetAttributes = {
					0169C8E32946E805004FE096 = {
						CreatedOnToolsVersion = 14.0.1;
					};
					01F183A12948670C0059DC3A = {
						CreatedOnToolsVersion = 14.1;
						TestTargetID = 0169C8E32946E805004FE096;
					};
				};
			};
			buildConfigurationList = 0169C8DF2946E805004FE096 /* Build configuration list for PBXProject "movieplex" */;
			compatibilityVersion = "Xcode 14.0";
			developmentRegion = en;
			hasScannedForEncodings = 0;
			knownRegions = (
				en,
				Base,
			);
			mainGroup = 0169C8DB2946E805004FE096;
			productRefGroup = 0169C8E52946E805004FE096 /* Products */;
			projectDirPath = "";
			projectRoot = "";
			targets = (
				0169C8E32946E805004FE096 /* movieplex */,
				01F183A12948670C0059DC3A /* movieplexTests */,
			);
		};
/* End PBXProject section */

/* Begin PBXResourcesBuildPhase section */
		0169C8E22946E805004FE096 /* Resources */ = {
			isa = PBXResourcesBuildPhase;
			buildActionMask = 2147483647;
			files = (
				0169C8EF2946E807004FE096 /* Preview Assets.xcassets in Resources */,
				0169C8EC2946E807004FE096 /* Assets.xcassets in Resources */,
			);
			runOnlyForDeploymentPostprocessing = 0;
		};
		01F183A02948670C0059DC3A /* Resources */ = {
			isa = PBXResourcesBuildPhase;
			buildActionMask = 2147483647;
			files = (
			);
			runOnlyForDeploymentPostprocessing = 0;
		};
/* End PBXResourcesBuildPhase section */

/* Begin PBXSourcesBuildPhase section */
		0169C8E02946E805004FE096 /* Sources */ = {
			isa = PBXSourcesBuildPhase;
			buildActionMask = 2147483647;
			files = (
				017C03E22947100900A4E3E9 /* WebRepository.swift in Sources */,
				01113F5229541B4B0016A6CC /* MovieListView.swift in Sources */,
				01D58A00295050420056E2CE /* AppState.swift in Sources */,
				01D58A04295051BF0056E2CE /* InteractorContainer.swift in Sources */,
				01F183AD294962420059DC3A /* MovieInteractor.swift in Sources */,
				01D58A02295051010056E2CE /* DependencyInjector.swift in Sources */,
				01F183B32949878D0059DC3A /* LoadableObject.swift in Sources */,
				0169C8EA2946E805004FE096 /* SearchView.swift in Sources */,
				017C03E42947110500A4E3E9 /* APICall.swift in Sources */,
				017C03DF29470EF800A4E3E9 /* MovieRepository.swift in Sources */,
				01F183AF2949650E0059DC3A /* CancelBag.swift in Sources */,
				01113F502954102F0016A6CC /* MovieView.swift in Sources */,
				01F183B1294984130059DC3A /* Movie.swift in Sources */,
				0169C8E82946E805004FE096 /* MoviePlexApp.swift in Sources */,
			);
			runOnlyForDeploymentPostprocessing = 0;
		};
		01F1839E2948670C0059DC3A /* Sources */ = {
			isa = PBXSourcesBuildPhase;
			buildActionMask = 2147483647;
			files = (
				01F183A52948670C0059DC3A /* movieplexTests.swift in Sources */,
			);
			runOnlyForDeploymentPostprocessing = 0;
		};
/* End PBXSourcesBuildPhase section */

/* Begin PBXTargetDependency section */
		01F183A72948670C0059DC3A /* PBXTargetDependency */ = {
			isa = PBXTargetDependency;
			target = 0169C8E32946E805004FE096 /* movieplex */;
			targetProxy = 01F183A62948670C0059DC3A /* PBXContainerItemProxy */;
		};
/* End PBXTargetDependency section */

/* Begin XCBuildConfiguration section */
		0169C8F02946E807004FE096 /* Debug */ = {
			isa = XCBuildConfiguration;
			buildSettings = {
				ALWAYS_SEARCH_USER_PATHS = NO;
				CLANG_ANALYZER_NONNULL = YES;
				CLANG_ANALYZER_NUMBER_OBJECT_CONVERSION = YES_AGGRESSIVE;
				CLANG_CXX_LANGUAGE_STANDARD = "gnu++20";
				CLANG_ENABLE_MODULES = YES;
				CLANG_ENABLE_OBJC_ARC = YES;
				CLANG_ENABLE_OBJC_WEAK = YES;
				CLANG_WARN_BLOCK_CAPTURE_AUTORELEASING = YES;
				CLANG_WARN_BOOL_CONVERSION = YES;
				CLANG_WARN_COMMA = YES;
				CLANG_WARN_CONSTANT_CONVERSION = YES;
				CLANG_WARN_DEPRECATED_OBJC_IMPLEMENTATIONS = YES;
				CLANG_WARN_DIRECT_OBJC_ISA_USAGE = YES_ERROR;
				CLANG_WARN_DOCUMENTATION_COMMENTS = YES;
				CLANG_WARN_EMPTY_BODY = YES;
				CLANG_WARN_ENUM_CONVERSION = YES;
				CLANG_WARN_INFINITE_RECURSION = YES;
				CLANG_WARN_INT_CONVERSION = YES;
				CLANG_WARN_NON_LITERAL_NULL_CONVERSION = YES;
				CLANG_WARN_OBJC_IMPLICIT_RETAIN_SELF = YES;
				CLANG_WARN_OBJC_LITERAL_CONVERSION = YES;
				CLANG_WARN_OBJC_ROOT_CLASS = YES_ERROR;
				CLANG_WARN_QUOTED_INCLUDE_IN_FRAMEWORK_HEADER = YES;
				CLANG_WARN_RANGE_LOOP_ANALYSIS = YES;
				CLANG_WARN_STRICT_PROTOTYPES = YES;
				CLANG_WARN_SUSPICIOUS_MOVE = YES;
				CLANG_WARN_UNGUARDED_AVAILABILITY = YES_AGGRESSIVE;
				CLANG_WARN_UNREACHABLE_CODE = YES;
				CLANG_WARN__DUPLICATE_METHOD_MATCH = YES;
				COPY_PHASE_STRIP = NO;
				DEBUG_INFORMATION_FORMAT = dwarf;
				ENABLE_STRICT_OBJC_MSGSEND = YES;
				ENABLE_TESTABILITY = YES;
				GCC_C_LANGUAGE_STANDARD = gnu11;
				GCC_DYNAMIC_NO_PIC = NO;
				GCC_NO_COMMON_BLOCKS = YES;
				GCC_OPTIMIZATION_LEVEL = 0;
				GCC_PREPROCESSOR_DEFINITIONS = (
					"DEBUG=1",
					"$(inherited)",
				);
				GCC_WARN_64_TO_32_BIT_CONVERSION = YES;
				GCC_WARN_ABOUT_RETURN_TYPE = YES_ERROR;
				GCC_WARN_UNDECLARED_SELECTOR = YES;
				GCC_WARN_UNINITIALIZED_AUTOS = YES_AGGRESSIVE;
				GCC_WARN_UNUSED_FUNCTION = YES;
				GCC_WARN_UNUSED_VARIABLE = YES;
				IPHONEOS_DEPLOYMENT_TARGET = 16.0;
				MTL_ENABLE_DEBUG_INFO = INCLUDE_SOURCE;
				MTL_FAST_MATH = YES;
				ONLY_ACTIVE_ARCH = YES;
				SDKROOT = iphoneos;
				SWIFT_ACTIVE_COMPILATION_CONDITIONS = DEBUG;
				SWIFT_OPTIMIZATION_LEVEL = "-Onone";
			};
			name = Debug;
		};
		0169C8F12946E807004FE096 /* Release */ = {
			isa = XCBuildConfiguration;
			buildSettings = {
				ALWAYS_SEARCH_USER_PATHS = NO;
				CLANG_ANALYZER_NONNULL = YES;
				CLANG_ANALYZER_NUMBER_OBJECT_CONVERSION = YES_AGGRESSIVE;
				CLANG_CXX_LANGUAGE_STANDARD = "gnu++20";
				CLANG_ENABLE_MODULES = YES;
				CLANG_ENABLE_OBJC_ARC = YES;
				CLANG_ENABLE_OBJC_WEAK = YES;
				CLANG_WARN_BLOCK_CAPTURE_AUTORELEASING = YES;
				CLANG_WARN_BOOL_CONVERSION = YES;
				CLANG_WARN_COMMA = YES;
				CLANG_WARN_CONSTANT_CONVERSION = YES;
				CLANG_WARN_DEPRECATED_OBJC_IMPLEMENTATIONS = YES;
				CLANG_WARN_DIRECT_OBJC_ISA_USAGE = YES_ERROR;
				CLANG_WARN_DOCUMENTATION_COMMENTS = YES;
				CLANG_WARN_EMPTY_BODY = YES;
				CLANG_WARN_ENUM_CONVERSION = YES;
				CLANG_WARN_INFINITE_RECURSION = YES;
				CLANG_WARN_INT_CONVERSION = YES;
				CLANG_WARN_NON_LITERAL_NULL_CONVERSION = YES;
				CLANG_WARN_OBJC_IMPLICIT_RETAIN_SELF = YES;
				CLANG_WARN_OBJC_LITERAL_CONVERSION = YES;
				CLANG_WARN_OBJC_ROOT_CLASS = YES_ERROR;
				CLANG_WARN_QUOTED_INCLUDE_IN_FRAMEWORK_HEADER = YES;
				CLANG_WARN_RANGE_LOOP_ANALYSIS = YES;
				CLANG_WARN_STRICT_PROTOTYPES = YES;
				CLANG_WARN_SUSPICIOUS_MOVE = YES;
				CLANG_WARN_UNGUARDED_AVAILABILITY = YES_AGGRESSIVE;
				CLANG_WARN_UNREACHABLE_CODE = YES;
				CLANG_WARN__DUPLICATE_METHOD_MATCH = YES;
				COPY_PHASE_STRIP = NO;
				DEBUG_INFORMATION_FORMAT = "dwarf-with-dsym";
				ENABLE_NS_ASSERTIONS = NO;
				ENABLE_STRICT_OBJC_MSGSEND = YES;
				GCC_C_LANGUAGE_STANDARD = gnu11;
				GCC_NO_COMMON_BLOCKS = YES;
				GCC_WARN_64_TO_32_BIT_CONVERSION = YES;
				GCC_WARN_ABOUT_RETURN_TYPE = YES_ERROR;
				GCC_WARN_UNDECLARED_SELECTOR = YES;
				GCC_WARN_UNINITIALIZED_AUTOS = YES_AGGRESSIVE;
				GCC_WARN_UNUSED_FUNCTION = YES;
				GCC_WARN_UNUSED_VARIABLE = YES;
				IPHONEOS_DEPLOYMENT_TARGET = 16.0;
				MTL_ENABLE_DEBUG_INFO = NO;
				MTL_FAST_MATH = YES;
				SDKROOT = iphoneos;
				SWIFT_COMPILATION_MODE = wholemodule;
				SWIFT_OPTIMIZATION_LEVEL = "-O";
				VALIDATE_PRODUCT = YES;
			};
			name = Release;
		};
		0169C8F32946E807004FE096 /* Debug */ = {
			isa = XCBuildConfiguration;
			buildSettings = {
				ASSETCATALOG_COMPILER_APPICON_NAME = AppIcon;
				ASSETCATALOG_COMPILER_GLOBAL_ACCENT_COLOR_NAME = AccentColor;
				CODE_SIGN_STYLE = Automatic;
				CURRENT_PROJECT_VERSION = 1;
				DEVELOPMENT_ASSET_PATHS = "\"movieplex/Preview Content\"";
				DEVELOPMENT_TEAM = YCNNH7D2AD;
				ENABLE_PREVIEWS = YES;
				GENERATE_INFOPLIST_FILE = YES;
				INFOPLIST_KEY_UIApplicationSceneManifest_Generation = YES;
				INFOPLIST_KEY_UIApplicationSupportsIndirectInputEvents = YES;
				INFOPLIST_KEY_UILaunchScreen_Generation = YES;
				INFOPLIST_KEY_UISupportedInterfaceOrientations_iPad = "UIInterfaceOrientationPortrait UIInterfaceOrientationPortraitUpsideDown UIInterfaceOrientationLandscapeLeft UIInterfaceOrientationLandscapeRight";
				INFOPLIST_KEY_UISupportedInterfaceOrientations_iPhone = "UIInterfaceOrientationPortrait UIInterfaceOrientationLandscapeLeft UIInterfaceOrientationLandscapeRight";
				IPHONEOS_DEPLOYMENT_TARGET = 14.0;
				LD_RUNPATH_SEARCH_PATHS = (
					"$(inherited)",
					"@executable_path/Frameworks",
				);
				MARKETING_VERSION = 1.0;
				PRODUCT_BUNDLE_IDENTIFIER = com.devsisters.movieplex;
				PRODUCT_NAME = "$(TARGET_NAME)";
				SWIFT_EMIT_LOC_STRINGS = YES;
				SWIFT_VERSION = 5.0;
				TARGETED_DEVICE_FAMILY = "1,2";
			};
			name = Debug;
		};
		0169C8F42946E807004FE096 /* Release */ = {
			isa = XCBuildConfiguration;
			buildSettings = {
				ASSETCATALOG_COMPILER_APPICON_NAME = AppIcon;
				ASSETCATALOG_COMPILER_GLOBAL_ACCENT_COLOR_NAME = AccentColor;
				CODE_SIGN_STYLE = Automatic;
				CURRENT_PROJECT_VERSION = 1;
				DEVELOPMENT_ASSET_PATHS = "\"movieplex/Preview Content\"";
				DEVELOPMENT_TEAM = YCNNH7D2AD;
				ENABLE_PREVIEWS = YES;
				GENERATE_INFOPLIST_FILE = YES;
				INFOPLIST_KEY_UIApplicationSceneManifest_Generation = YES;
				INFOPLIST_KEY_UIApplicationSupportsIndirectInputEvents = YES;
				INFOPLIST_KEY_UILaunchScreen_Generation = YES;
				INFOPLIST_KEY_UISupportedInterfaceOrientations_iPad = "UIInterfaceOrientationPortrait UIInterfaceOrientationPortraitUpsideDown UIInterfaceOrientationLandscapeLeft UIInterfaceOrientationLandscapeRight";
				INFOPLIST_KEY_UISupportedInterfaceOrientations_iPhone = "UIInterfaceOrientationPortrait UIInterfaceOrientationLandscapeLeft UIInterfaceOrientationLandscapeRight";
				IPHONEOS_DEPLOYMENT_TARGET = 14.0;
				LD_RUNPATH_SEARCH_PATHS = (
					"$(inherited)",
					"@executable_path/Frameworks",
				);
				MARKETING_VERSION = 1.0;
				PRODUCT_BUNDLE_IDENTIFIER = com.devsisters.movieplex;
				PRODUCT_NAME = "$(TARGET_NAME)";
				SWIFT_EMIT_LOC_STRINGS = YES;
				SWIFT_VERSION = 5.0;
				TARGETED_DEVICE_FAMILY = "1,2";
			};
			name = Release;
		};
		01F183A92948670C0059DC3A /* Debug */ = {
			isa = XCBuildConfiguration;
			buildSettings = {
				BUNDLE_LOADER = "$(TEST_HOST)";
				CODE_SIGN_STYLE = Automatic;
				CURRENT_PROJECT_VERSION = 1;
				DEVELOPMENT_TEAM = YCNNH7D2AD;
				GENERATE_INFOPLIST_FILE = YES;
				IPHONEOS_DEPLOYMENT_TARGET = 14.0;
				MACOSX_DEPLOYMENT_TARGET = 13.0;
				MARKETING_VERSION = 1.0;
				PRODUCT_BUNDLE_IDENTIFIER = com.devsisters.movieplexTests;
				PRODUCT_NAME = "$(TARGET_NAME)";
				SDKROOT = auto;
				SUPPORTED_PLATFORMS = "iphoneos iphonesimulator macosx";
				SWIFT_EMIT_LOC_STRINGS = NO;
				SWIFT_VERSION = 5.0;
				TARGETED_DEVICE_FAMILY = "1,2";
				TEST_HOST = "$(BUILT_PRODUCTS_DIR)/movieplex.app/$(BUNDLE_EXECUTABLE_FOLDER_PATH)/movieplex";
			};
			name = Debug;
		};
		01F183AA2948670C0059DC3A /* Release */ = {
			isa = XCBuildConfiguration;
			buildSettings = {
				BUNDLE_LOADER = "$(TEST_HOST)";
				CODE_SIGN_STYLE = Automatic;
				CURRENT_PROJECT_VERSION = 1;
				DEVELOPMENT_TEAM = YCNNH7D2AD;
				GENERATE_INFOPLIST_FILE = YES;
				IPHONEOS_DEPLOYMENT_TARGET = 14.0;
				MACOSX_DEPLOYMENT_TARGET = 13.0;
				MARKETING_VERSION = 1.0;
				PRODUCT_BUNDLE_IDENTIFIER = com.devsisters.movieplexTests;
				PRODUCT_NAME = "$(TARGET_NAME)";
				SDKROOT = auto;
				SUPPORTED_PLATFORMS = "iphoneos iphonesimulator macosx";
				SWIFT_EMIT_LOC_STRINGS = NO;
				SWIFT_VERSION = 5.0;
				TARGETED_DEVICE_FAMILY = "1,2";
				TEST_HOST = "$(BUILT_PRODUCTS_DIR)/movieplex.app/$(BUNDLE_EXECUTABLE_FOLDER_PATH)/movieplex";
			};
			name = Release;
		};
/* End XCBuildConfiguration section */

/* Begin XCConfigurationList section */
		0169C8DF2946E805004FE096 /* Build configuration list for PBXProject "movieplex" */ = {
			isa = XCConfigurationList;
			buildConfigurations = (
				0169C8F02946E807004FE096 /* Debug */,
				0169C8F12946E807004FE096 /* Release */,
			);
			defaultConfigurationIsVisible = 0;
			defaultConfigurationName = Release;
		};
		0169C8F22946E807004FE096 /* Build configuration list for PBXNativeTarget "movieplex" */ = {
			isa = XCConfigurationList;
			buildConfigurations = (
				0169C8F32946E807004FE096 /* Debug */,
				0169C8F42946E807004FE096 /* Release */,
			);
			defaultConfigurationIsVisible = 0;
			defaultConfigurationName = Release;
		};
		01F183A82948670C0059DC3A /* Build configuration list for PBXNativeTarget "movieplexTests" */ = {
			isa = XCConfigurationList;
			buildConfigurations = (
				01F183A92948670C0059DC3A /* Debug */,
				01F183AA2948670C0059DC3A /* Release */,
			);
			defaultConfigurationIsVisible = 0;
			defaultConfigurationName = Release;
		};
/* End XCConfigurationList section */
	};
	rootObject = 0169C8DC2946E805004FE096 /* Project object */;
}
